
Microsoft Visual Studio Solution File, Format Version 12.00
# Visual Studio 15
VisualStudioVersion = 15.0.27428.2015
MinimumVisualStudioVersion = 10.0.40219.1
Project("{FAE04EC0-301F-11D3-BF4B-00C04F79EFBC}") = "EnglishExams.Application", "EnglishExams\EnglishExams.Application.csproj", "{4536ED0B-F33A-4D19-8AA8-1F2AA3BAA112}"
EndProject
Project("{FAE04EC0-301F-11D3-BF4B-00C04F79EFBC}") = "EnglishExams.Resources", "EnglishExams.Resources\EnglishExams.Resources.csproj", "{FC70813A-95D1-4BBA-901E-0C0058935034}"
EndProject
Global
	GlobalSection(SolutionConfigurationPlatforms) = preSolution
		Debug|Any CPU = Debug|Any CPU
		Release|Any CPU = Release|Any CPU
	EndGlobalSection
	GlobalSection(ProjectConfigurationPlatforms) = postSolution
		{4536ED0B-F33A-4D19-8AA8-1F2AA3BAA112}.Debug|Any CPU.ActiveCfg = Debug|Any CPU
		{4536ED0B-F33A-4D19-8AA8-1F2AA3BAA112}.Debug|Any CPU.Build.0 = Debug|Any CPU
		{4536ED0B-F33A-4D19-8AA8-1F2AA3BAA112}.Release|Any CPU.ActiveCfg = Release|Any CPU
		{4536ED0B-F33A-4D19-8AA8-1F2AA3BAA112}.Release|Any CPU.Build.0 = Release|Any CPU
		{FC70813A-95D1-4BBA-901E-0C0058935034}.Debug|Any CPU.ActiveCfg = Debug|Any CPU
		{FC70813A-95D1-4BBA-901E-0C0058935034}.Debug|Any CPU.Build.0 = Debug|Any CPU
		{FC70813A-95D1-4BBA-901E-0C0058935034}.Release|Any CPU.ActiveCfg = Release|Any CPU
		{FC70813A-95D1-4BBA-901E-0C0058935034}.Release|Any CPU.Build.0 = Release|Any CPU
	EndGlobalSection
	GlobalSection(SolutionProperties) = preSolution
		HideSolutionNode = FALSE
	EndGlobalSection
	GlobalSection(ExtensibilityGlobals) = postSolution
		SolutionGuid = {4E421F0C-7722-488E-AE45-ADDE165BC1CF}
	EndGlobalSection
EndGlobal
